
Microsoft Visual Studio Solution File, Format Version 12.00
# Visual Studio Version 17
VisualStudioVersion = 17.9.34723.18
MinimumVisualStudioVersion = 10.0.40219.1
Project("{9A19103F-16F7-4668-BE54-9A1E7A4F7556}") = "VegWizGroceries", "VegWizGroceries\VegWizGroceries.csproj", "{D0ACF0E4-FC29-40F0-9C3B-EB01383FF0F9}"
EndProject
Global
	GlobalSection(SolutionConfigurationPlatforms) = preSolution
		Debug|Any CPU = Debug|Any CPU
		Release|Any CPU = Release|Any CPU
	EndGlobalSection
	GlobalSection(ProjectConfigurationPlatforms) = postSolution
		{D0ACF0E4-FC29-40F0-9C3B-EB01383FF0F9}.Debug|Any CPU.ActiveCfg = Debug|Any CPU
		{D0ACF0E4-FC29-40F0-9C3B-EB01383FF0F9}.Debug|Any CPU.Build.0 = Debug|Any CPU
		{D0ACF0E4-FC29-40F0-9C3B-EB01383FF0F9}.Release|Any CPU.ActiveCfg = Release|Any CPU
		{D0ACF0E4-FC29-40F0-9C3B-EB01383FF0F9}.Release|Any CPU.Build.0 = Release|Any CPU
	EndGlobalSection
	GlobalSection(SolutionProperties) = preSolution
		HideSolutionNode = FALSE
	EndGlobalSection
	GlobalSection(ExtensibilityGlobals) = postSolution
		SolutionGuid = {0B20B026-D85B-47A1-9BC4-6F5D4E2DE473}
	EndGlobalSection
EndGlobal
